
Microsoft Visual Studio Solution File, Format Version 12.00
# Visual Studio Version 17
VisualStudioVersion = 17.8.34511.84
MinimumVisualStudioVersion = 10.0.40219.1
Project("{FAE04EC0-301F-11D3-BF4B-00C04F79EFBC}") = "study-question-form-be", "study-question-form-be\study-question-form-be.csproj", "{3C85A59C-5C63-4FD5-BCAA-DF6C9BB40B7F}"
EndProject
Project("{FAE04EC0-301F-11D3-BF4B-00C04F79EFBC}") = "StudyQuestionForm.Repo", "StudyQuestionForm.Repo\StudyQuestionForm.Repo.csproj", "{BBB9B024-A1EC-4440-930E-E244013A3049}"
EndProject
Project("{FAE04EC0-301F-11D3-BF4B-00C04F79EFBC}") = "StudyQuestionForm.Domain", "StudyQuestionForm.Domain\StudyQuestionForm.Domain.csproj", "{EEE3B26A-BE4A-42CE-A9BD-43F08E385958}"
EndProject
Project("{FAE04EC0-301F-11D3-BF4B-00C04F79EFBC}") = "StudyQuestionForm.Service", "StudyQuestionForm.Service\StudyQuestionForm.Service.csproj", "{C79E0F83-CF2D-4E4E-A710-5D3621EC20E1}"
EndProject
Global
	GlobalSection(SolutionConfigurationPlatforms) = preSolution
		Debug|Any CPU = Debug|Any CPU
		Release|Any CPU = Release|Any CPU
	EndGlobalSection
	GlobalSection(ProjectConfigurationPlatforms) = postSolution
		{3C85A59C-5C63-4FD5-BCAA-DF6C9BB40B7F}.Debug|Any CPU.ActiveCfg = Debug|Any CPU
		{3C85A59C-5C63-4FD5-BCAA-DF6C9BB40B7F}.Debug|Any CPU.Build.0 = Debug|Any CPU
		{3C85A59C-5C63-4FD5-BCAA-DF6C9BB40B7F}.Release|Any CPU.ActiveCfg = Release|Any CPU
		{3C85A59C-5C63-4FD5-BCAA-DF6C9BB40B7F}.Release|Any CPU.Build.0 = Release|Any CPU
		{BBB9B024-A1EC-4440-930E-E244013A3049}.Debug|Any CPU.ActiveCfg = Debug|Any CPU
		{BBB9B024-A1EC-4440-930E-E244013A3049}.Debug|Any CPU.Build.0 = Debug|Any CPU
		{BBB9B024-A1EC-4440-930E-E244013A3049}.Release|Any CPU.ActiveCfg = Release|Any CPU
		{BBB9B024-A1EC-4440-930E-E244013A3049}.Release|Any CPU.Build.0 = Release|Any CPU
		{EEE3B26A-BE4A-42CE-A9BD-43F08E385958}.Debug|Any CPU.ActiveCfg = Debug|Any CPU
		{EEE3B26A-BE4A-42CE-A9BD-43F08E385958}.Debug|Any CPU.Build.0 = Debug|Any CPU
		{EEE3B26A-BE4A-42CE-A9BD-43F08E385958}.Release|Any CPU.ActiveCfg = Release|Any CPU
		{EEE3B26A-BE4A-42CE-A9BD-43F08E385958}.Release|Any CPU.Build.0 = Release|Any CPU
		{C79E0F83-CF2D-4E4E-A710-5D3621EC20E1}.Debug|Any CPU.ActiveCfg = Debug|Any CPU
		{C79E0F83-CF2D-4E4E-A710-5D3621EC20E1}.Debug|Any CPU.Build.0 = Debug|Any CPU
		{C79E0F83-CF2D-4E4E-A710-5D3621EC20E1}.Release|Any CPU.ActiveCfg = Release|Any CPU
		{C79E0F83-CF2D-4E4E-A710-5D3621EC20E1}.Release|Any CPU.Build.0 = Release|Any CPU
	EndGlobalSection
	GlobalSection(SolutionProperties) = preSolution
		HideSolutionNode = FALSE
	EndGlobalSection
	GlobalSection(ExtensibilityGlobals) = postSolution
		SolutionGuid = {F9012EC3-4CDC-40B9-BEBF-FAA2B5E247DD}
	EndGlobalSection
EndGlobal
